// !$*UTF8*$!
{
	archiveVersion = 1;
	classes = {
	};
	objectVersion = 56;
	objects = {

/* Begin PBXBuildFile section */
		5DE6F6702AFADF05004ABB4F /* SwiftUIStoryTemplateApp.swift in Sources */ = {isa = PBXBuildFile; fileRef = 5DE6F66F2AFADF05004ABB4F /* SwiftUIStoryTemplateApp.swift */; };
		5DE6F6722AFADF05004ABB4F /* ContentView.swift in Sources */ = {isa = PBXBuildFile; fileRef = 5DE6F6712AFADF05004ABB4F /* ContentView.swift */; };
		5DE6F6742AFADF08004ABB4F /* Assets.xcassets in Resources */ = {isa = PBXBuildFile; fileRef = 5DE6F6732AFADF08004ABB4F /* Assets.xcassets */; };
		5DE6F6772AFADF08004ABB4F /* Preview Assets.xcassets in Resources */ = {isa = PBXBuildFile; fileRef = 5DE6F6762AFADF08004ABB4F /* Preview Assets.xcassets */; };
		5DE6F67E2AFAE3DF004ABB4F /* Chapter1View.swift in Sources */ = {isa = PBXBuildFile; fileRef = 5DE6F67D2AFAE3DF004ABB4F /* Chapter1View.swift */; };
		5DE6F6802AFAE3E6004ABB4F /* Chapter2View.swift in Sources */ = {isa = PBXBuildFile; fileRef = 5DE6F67F2AFAE3E6004ABB4F /* Chapter2View.swift */; };
		5DE6F6822AFAE3EA004ABB4F /* Chapter3View.swift in Sources */ = {isa = PBXBuildFile; fileRef = 5DE6F6812AFAE3EA004ABB4F /* Chapter3View.swift */; };
		5DE6F6842AFAE3EF004ABB4F /* Chapter4View.swift in Sources */ = {isa = PBXBuildFile; fileRef = 5DE6F6832AFAE3EF004ABB4F /* Chapter4View.swift */; };
		5DE6F6862AFAE3F3004ABB4F /* Chapter5View.swift in Sources */ = {isa = PBXBuildFile; fileRef = 5DE6F6852AFAE3F3004ABB4F /* Chapter5View.swift */; };

		DBE85C942B06C440008D0B23 /* Chapter_1App.swift in Sources */ = {isa = PBXBuildFile; fileRef = DBE85C932B06C440008D0B23 /* Chapter_1App.swift */; };
		DBE85C982B06C4AF008D0B23 /* HubPage.swift in Sources */ = {isa = PBXBuildFile; fileRef = DBE85C972B06C4AF008D0B23 /* HubPage.swift */; };
		DBE85C9A2B06C4C9008D0B23 /* Pagetwo.swift in Sources */ = {isa = PBXBuildFile; fileRef = DBE85C992B06C4C9008D0B23 /* Pagetwo.swift */; };
		DBE85C9C2B06C4DF008D0B23 /* PageThree.swift in Sources */ = {isa = PBXBuildFile; fileRef = DBE85C9B2B06C4DF008D0B23 /* PageThree.swift */; };
		DBE85C9E2B06C4E8008D0B23 /* PageFour.swift in Sources */ = {isa = PBXBuildFile; fileRef = DBE85C9D2B06C4E8008D0B23 /* PageFour.swift */; };
		DBE85CA02B06C4F8008D0B23 /* PageFive.swift in Sources */ = {isa = PBXBuildFile; fileRef = DBE85C9F2B06C4F8008D0B23 /* PageFive.swift */; };
		DBE85CA22B06C504008D0B23 /* PageSix.swift in Sources */ = {isa = PBXBuildFile; fileRef = DBE85CA12B06C504008D0B23 /* PageSix.swift */; };
		DBE85CA42B06C511008D0B23 /* EndPage.swift in Sources */ = {isa = PBXBuildFile; fileRef = DBE85CA32B06C511008D0B23 /* EndPage.swift */; };
		DBE85CA62B06C52A008D0B23 /* PageOne.swift in Sources */ = {isa = PBXBuildFile; fileRef = DBE85CA52B06C52A008D0B23 /* PageOne.swift */; };

		A916B56D2B06934A004AAB9F /* BrainView.swift in Sources */ = {isa = PBXBuildFile; fileRef = A916B56C2B06934A004AAB9F /* BrainView.swift */; };
		A916B56F2B069373004AAB9F /* HeartView.swift in Sources */ = {isa = PBXBuildFile; fileRef = A916B56E2B069373004AAB9F /* HeartView.swift */; };
		A916B5712B06937C004AAB9F /* EyeView.swift in Sources */ = {isa = PBXBuildFile; fileRef = A916B5702B06937C004AAB9F /* EyeView.swift */; };
		A916B5732B06938D004AAB9F /* ArmView.swift in Sources */ = {isa = PBXBuildFile; fileRef = A916B5722B06938D004AAB9F /* ArmView.swift */; };
		A916B5752B069399004AAB9F /* LegView.swift in Sources */ = {isa = PBXBuildFile; fileRef = A916B5742B069399004AAB9F /* LegView.swift */; };
		A916B5772B069651004AAB9F /* AndroidBuilder.swift in Sources */ = {isa = PBXBuildFile; fileRef = A916B5762B069651004AAB9F /* AndroidBuilder.swift */; };
		A916B5792B06A740004AAB9F /* Android.swift in Sources */ = {isa = PBXBuildFile; fileRef = A916B5782B06A740004AAB9F /* Android.swift */; };
		A916B57B2B06A7B8004AAB9F /* Species.swift in Sources */ = {isa = PBXBuildFile; fileRef = A916B57A2B06A7B8004AAB9F /* Species.swift */; };
		A916B57D2B06C71F004AAB9F /* PlaceHolderView.swift in Sources */ = {isa = PBXBuildFile; fileRef = A916B57C2B06C71F004AAB9F /* PlaceHolderView.swift */; };

/* End PBXBuildFile section */

/* Begin PBXFileReference section */
		5DE6F66C2AFADF05004ABB4F /* SwiftUIStoryTemplate.app */ = {isa = PBXFileReference; explicitFileType = wrapper.application; includeInIndex = 0; path = SwiftUIStoryTemplate.app; sourceTree = BUILT_PRODUCTS_DIR; };
		5DE6F66F2AFADF05004ABB4F /* SwiftUIStoryTemplateApp.swift */ = {isa = PBXFileReference; lastKnownFileType = sourcecode.swift; path = SwiftUIStoryTemplateApp.swift; sourceTree = "<group>"; };
		5DE6F6712AFADF05004ABB4F /* ContentView.swift */ = {isa = PBXFileReference; lastKnownFileType = sourcecode.swift; path = ContentView.swift; sourceTree = "<group>"; };
		5DE6F6732AFADF08004ABB4F /* Assets.xcassets */ = {isa = PBXFileReference; lastKnownFileType = folder.assetcatalog; path = Assets.xcassets; sourceTree = "<group>"; };
		5DE6F6762AFADF08004ABB4F /* Preview Assets.xcassets */ = {isa = PBXFileReference; lastKnownFileType = folder.assetcatalog; path = "Preview Assets.xcassets"; sourceTree = "<group>"; };
		5DE6F67D2AFAE3DF004ABB4F /* Chapter1View.swift */ = {isa = PBXFileReference; lastKnownFileType = sourcecode.swift; path = Chapter1View.swift; sourceTree = "<group>"; };
		5DE6F67F2AFAE3E6004ABB4F /* Chapter2View.swift */ = {isa = PBXFileReference; lastKnownFileType = sourcecode.swift; path = Chapter2View.swift; sourceTree = "<group>"; };
		5DE6F6812AFAE3EA004ABB4F /* Chapter3View.swift */ = {isa = PBXFileReference; lastKnownFileType = sourcecode.swift; path = Chapter3View.swift; sourceTree = "<group>"; };
		5DE6F6832AFAE3EF004ABB4F /* Chapter4View.swift */ = {isa = PBXFileReference; lastKnownFileType = sourcecode.swift; path = Chapter4View.swift; sourceTree = "<group>"; };
		5DE6F6852AFAE3F3004ABB4F /* Chapter5View.swift */ = {isa = PBXFileReference; lastKnownFileType = sourcecode.swift; path = Chapter5View.swift; sourceTree = "<group>"; };

		DBE85C932B06C440008D0B23 /* Chapter_1App.swift */ = {isa = PBXFileReference; lastKnownFileType = sourcecode.swift; path = Chapter_1App.swift; sourceTree = "<group>"; };
		DBE85C972B06C4AF008D0B23 /* HubPage.swift */ = {isa = PBXFileReference; lastKnownFileType = sourcecode.swift; path = HubPage.swift; sourceTree = "<group>"; };
		DBE85C992B06C4C9008D0B23 /* Pagetwo.swift */ = {isa = PBXFileReference; lastKnownFileType = sourcecode.swift; path = Pagetwo.swift; sourceTree = "<group>"; };
		DBE85C9B2B06C4DF008D0B23 /* PageThree.swift */ = {isa = PBXFileReference; lastKnownFileType = sourcecode.swift; path = PageThree.swift; sourceTree = "<group>"; };
		DBE85C9D2B06C4E8008D0B23 /* PageFour.swift */ = {isa = PBXFileReference; lastKnownFileType = sourcecode.swift; path = PageFour.swift; sourceTree = "<group>"; };
		DBE85C9F2B06C4F8008D0B23 /* PageFive.swift */ = {isa = PBXFileReference; lastKnownFileType = sourcecode.swift; path = PageFive.swift; sourceTree = "<group>"; };
		DBE85CA12B06C504008D0B23 /* PageSix.swift */ = {isa = PBXFileReference; lastKnownFileType = sourcecode.swift; path = PageSix.swift; sourceTree = "<group>"; };
		DBE85CA32B06C511008D0B23 /* EndPage.swift */ = {isa = PBXFileReference; lastKnownFileType = sourcecode.swift; path = EndPage.swift; sourceTree = "<group>"; };
		DBE85CA52B06C52A008D0B23 /* PageOne.swift */ = {isa = PBXFileReference; lastKnownFileType = sourcecode.swift; path = PageOne.swift; sourceTree = "<group>"; };

		A916B56C2B06934A004AAB9F /* BrainView.swift */ = {isa = PBXFileReference; lastKnownFileType = sourcecode.swift; path = BrainView.swift; sourceTree = "<group>"; };
		A916B56E2B069373004AAB9F /* HeartView.swift */ = {isa = PBXFileReference; lastKnownFileType = sourcecode.swift; path = HeartView.swift; sourceTree = "<group>"; };
		A916B5702B06937C004AAB9F /* EyeView.swift */ = {isa = PBXFileReference; lastKnownFileType = sourcecode.swift; path = EyeView.swift; sourceTree = "<group>"; };
		A916B5722B06938D004AAB9F /* ArmView.swift */ = {isa = PBXFileReference; lastKnownFileType = sourcecode.swift; path = ArmView.swift; sourceTree = "<group>"; };
		A916B5742B069399004AAB9F /* LegView.swift */ = {isa = PBXFileReference; lastKnownFileType = sourcecode.swift; path = LegView.swift; sourceTree = "<group>"; };
		A916B5762B069651004AAB9F /* AndroidBuilder.swift */ = {isa = PBXFileReference; lastKnownFileType = sourcecode.swift; path = AndroidBuilder.swift; sourceTree = "<group>"; };
		A916B5782B06A740004AAB9F /* Android.swift */ = {isa = PBXFileReference; lastKnownFileType = sourcecode.swift; path = Android.swift; sourceTree = "<group>"; };
		A916B57A2B06A7B8004AAB9F /* Species.swift */ = {isa = PBXFileReference; lastKnownFileType = sourcecode.swift; path = Species.swift; sourceTree = "<group>"; };
		A916B57C2B06C71F004AAB9F /* PlaceHolderView.swift */ = {isa = PBXFileReference; lastKnownFileType = sourcecode.swift; path = PlaceHolderView.swift; sourceTree = "<group>"; };

/* End PBXFileReference section */

/* Begin PBXFrameworksBuildPhase section */
		5DE6F6692AFADF05004ABB4F /* Frameworks */ = {
			isa = PBXFrameworksBuildPhase;
			buildActionMask = 2147483647;
			files = (
			);
			runOnlyForDeploymentPostprocessing = 0;
		};
/* End PBXFrameworksBuildPhase section */

/* Begin PBXGroup section */
		5DE6F6632AFADF05004ABB4F = {
			isa = PBXGroup;
			children = (
				5DE6F66E2AFADF05004ABB4F /* SwiftUIStoryTemplate */,
				5DE6F66D2AFADF05004ABB4F /* Products */,
			);
			sourceTree = "<group>";
		};
		5DE6F66D2AFADF05004ABB4F /* Products */ = {
			isa = PBXGroup;
			children = (
				5DE6F66C2AFADF05004ABB4F /* SwiftUIStoryTemplate.app */,
			);
			name = Products;
			sourceTree = "<group>";
		};
		5DE6F66E2AFADF05004ABB4F /* SwiftUIStoryTemplate */ = {
			isa = PBXGroup;
			children = (
				5DE6F66F2AFADF05004ABB4F /* SwiftUIStoryTemplateApp.swift */,
				5DE6F6712AFADF05004ABB4F /* ContentView.swift */,
				5DE6F6872AFAE47A004ABB4F /* Chapter1 */,
				5DE6F6882AFAE482004ABB4F /* Chapter2 */,
				5DE6F6892AFAE48E004ABB4F /* Chapter3 */,
				5DE6F68A2AFAE492004ABB4F /* Chapter4 */,
				5DE6F68B2AFAE49B004ABB4F /* Chapter5 */,
				5DE6F6732AFADF08004ABB4F /* Assets.xcassets */,
				5DE6F6752AFADF08004ABB4F /* Preview Content */,
			);
			path = SwiftUIStoryTemplate;
			sourceTree = "<group>";
		};
		5DE6F6752AFADF08004ABB4F /* Preview Content */ = {
			isa = PBXGroup;
			children = (
				5DE6F6762AFADF08004ABB4F /* Preview Assets.xcassets */,
			);
			path = "Preview Content";
			sourceTree = "<group>";
		};
		5DE6F6872AFAE47A004ABB4F /* Chapter1 */ = {
			isa = PBXGroup;
			children = (
				5DE6F67D2AFAE3DF004ABB4F /* Chapter1View.swift */,
				DBE85C932B06C440008D0B23 /* Chapter_1App.swift */,
				DBE85C972B06C4AF008D0B23 /* HubPage.swift */,
				DBE85CA52B06C52A008D0B23 /* PageOne.swift */,
				DBE85C992B06C4C9008D0B23 /* Pagetwo.swift */,
				DBE85C9B2B06C4DF008D0B23 /* PageThree.swift */,
				DBE85C9D2B06C4E8008D0B23 /* PageFour.swift */,
				DBE85C9F2B06C4F8008D0B23 /* PageFive.swift */,
				DBE85CA12B06C504008D0B23 /* PageSix.swift */,
				DBE85CA32B06C511008D0B23 /* EndPage.swift */,
			);
			path = Chapter1;
			sourceTree = "<group>";
		};
		5DE6F6882AFAE482004ABB4F /* Chapter2 */ = {
			isa = PBXGroup;
			children = (
				5DE6F67F2AFAE3E6004ABB4F /* Chapter2View.swift */,
			);
			name = Chapter2;
			sourceTree = "<group>";
		};
		5DE6F6892AFAE48E004ABB4F /* Chapter3 */ = {
			isa = PBXGroup;
			children = (
				5DE6F6812AFAE3EA004ABB4F /* Chapter3View.swift */,
			);
			path = Chapter3;
			sourceTree = "<group>";
		};
		5DE6F68A2AFAE492004ABB4F /* Chapter4 */ = {
			isa = PBXGroup;
			children = (
				5DE6F6832AFAE3EF004ABB4F /* Chapter4View.swift */,
			);
			path = Chapter4;
			sourceTree = "<group>";
		};
		5DE6F68B2AFAE49B004ABB4F /* Chapter5 */ = {
			isa = PBXGroup;
			children = (
				5DE6F6852AFAE3F3004ABB4F /* Chapter5View.swift */,
				A916B5782B06A740004AAB9F /* Android.swift */,
				A916B57C2B06C71F004AAB9F /* PlaceHolderView.swift */,
				A916B57A2B06A7B8004AAB9F /* Species.swift */,
				A916B56C2B06934A004AAB9F /* BrainView.swift */,
				A916B56E2B069373004AAB9F /* HeartView.swift */,
				A916B5702B06937C004AAB9F /* EyeView.swift */,
				A916B5722B06938D004AAB9F /* ArmView.swift */,
				A916B5742B069399004AAB9F /* LegView.swift */,
				A916B5762B069651004AAB9F /* AndroidBuilder.swift */,
			);
			path = Chapter5;
			sourceTree = "<group>";
		};
/* End PBXGroup section */

/* Begin PBXNativeTarget section */
		5DE6F66B2AFADF05004ABB4F /* SwiftUIStoryTemplate */ = {
			isa = PBXNativeTarget;
			buildConfigurationList = 5DE6F67A2AFADF08004ABB4F /* Build configuration list for PBXNativeTarget "SwiftUIStoryTemplate" */;
			buildPhases = (
				5DE6F6682AFADF05004ABB4F /* Sources */,
				5DE6F6692AFADF05004ABB4F /* Frameworks */,
				5DE6F66A2AFADF05004ABB4F /* Resources */,
			);
			buildRules = (
			);
			dependencies = (
			);
			name = SwiftUIStoryTemplate;
			productName = SwiftUIStoryTemplate;
			productReference = 5DE6F66C2AFADF05004ABB4F /* SwiftUIStoryTemplate.app */;
			productType = "com.apple.product-type.application";
		};
/* End PBXNativeTarget section */

/* Begin PBXProject section */
		5DE6F6642AFADF05004ABB4F /* Project object */ = {
			isa = PBXProject;
			attributes = {
				BuildIndependentTargetsInParallel = 1;
				LastSwiftUpdateCheck = 1500;
				LastUpgradeCheck = 1500;
				TargetAttributes = {
					5DE6F66B2AFADF05004ABB4F = {
						CreatedOnToolsVersion = 15.0.1;
					};
				};
			};
			buildConfigurationList = 5DE6F6672AFADF05004ABB4F /* Build configuration list for PBXProject "SwiftUIStoryTemplate" */;
			compatibilityVersion = "Xcode 14.0";
			developmentRegion = en;
			hasScannedForEncodings = 0;
			knownRegions = (
				en,
				Base,
			);
			mainGroup = 5DE6F6632AFADF05004ABB4F;
			productRefGroup = 5DE6F66D2AFADF05004ABB4F /* Products */;
			projectDirPath = "";
			projectRoot = "";
			targets = (
				5DE6F66B2AFADF05004ABB4F /* SwiftUIStoryTemplate */,
			);
		};
/* End PBXProject section */

/* Begin PBXResourcesBuildPhase section */
		5DE6F66A2AFADF05004ABB4F /* Resources */ = {
			isa = PBXResourcesBuildPhase;
			buildActionMask = 2147483647;
			files = (
				5DE6F6772AFADF08004ABB4F /* Preview Assets.xcassets in Resources */,
				5DE6F6742AFADF08004ABB4F /* Assets.xcassets in Resources */,
			);
			runOnlyForDeploymentPostprocessing = 0;
		};
/* End PBXResourcesBuildPhase section */

/* Begin PBXSourcesBuildPhase section */
		5DE6F6682AFADF05004ABB4F /* Sources */ = {
			isa = PBXSourcesBuildPhase;
			buildActionMask = 2147483647;
			files = (
				A916B5732B06938D004AAB9F /* ArmView.swift in Sources */,
				5DE6F6822AFAE3EA004ABB4F /* Chapter3View.swift in Sources */,
				A916B56D2B06934A004AAB9F /* BrainView.swift in Sources */,
				A916B5712B06937C004AAB9F /* EyeView.swift in Sources */,
				5DE6F6842AFAE3EF004ABB4F /* Chapter4View.swift in Sources */,
				5DE6F6722AFADF05004ABB4F /* ContentView.swift in Sources */,

				DBE85C9E2B06C4E8008D0B23 /* PageFour.swift in Sources */,
				DBE85C982B06C4AF008D0B23 /* HubPage.swift in Sources */,
				DBE85C9A2B06C4C9008D0B23 /* Pagetwo.swift in Sources */,

				A916B5772B069651004AAB9F /* AndroidBuilder.swift in Sources */,

				5DE6F6802AFAE3E6004ABB4F /* Chapter2View.swift in Sources */,
				DBE85CA62B06C52A008D0B23 /* PageOne.swift in Sources */,
				5DE6F6862AFAE3F3004ABB4F /* Chapter5View.swift in Sources */,
				DBE85C942B06C440008D0B23 /* Chapter_1App.swift in Sources */,
				DBE85CA02B06C4F8008D0B23 /* PageFive.swift in Sources */,
				5DE6F67E2AFAE3DF004ABB4F /* Chapter1View.swift in Sources */,

				DBE85CA42B06C511008D0B23 /* EndPage.swift in Sources */,
				5DE6F6702AFADF05004ABB4F /* SwiftUIStoryTemplateApp.swift in Sources */,
				DBE85CA22B06C504008D0B23 /* PageSix.swift in Sources */,
				DBE85C9C2B06C4DF008D0B23 /* PageThree.swift in Sources */,

				A916B56F2B069373004AAB9F /* HeartView.swift in Sources */,
				5DE6F6702AFADF05004ABB4F /* SwiftUIStoryTemplateApp.swift in Sources */,
				A916B5752B069399004AAB9F /* LegView.swift in Sources */,
				A916B57B2B06A7B8004AAB9F /* Species.swift in Sources */,
				A916B57D2B06C71F004AAB9F /* PlaceHolderView.swift in Sources */,
				A916B5792B06A740004AAB9F /* Android.swift in Sources */,

			);
			runOnlyForDeploymentPostprocessing = 0;
		};
/* End PBXSourcesBuildPhase section */

/* Begin XCBuildConfiguration section */
		5DE6F6782AFADF08004ABB4F /* Debug */ = {
			isa = XCBuildConfiguration;
			buildSettings = {
				ALWAYS_SEARCH_USER_PATHS = NO;
				ASSETCATALOG_COMPILER_GENERATE_SWIFT_ASSET_SYMBOL_EXTENSIONS = YES;
				CLANG_ANALYZER_NONNULL = YES;
				CLANG_ANALYZER_NUMBER_OBJECT_CONVERSION = YES_AGGRESSIVE;
				CLANG_CXX_LANGUAGE_STANDARD = "gnu++20";
				CLANG_ENABLE_MODULES = YES;
				CLANG_ENABLE_OBJC_ARC = YES;
				CLANG_ENABLE_OBJC_WEAK = YES;
				CLANG_WARN_BLOCK_CAPTURE_AUTORELEASING = YES;
				CLANG_WARN_BOOL_CONVERSION = YES;
				CLANG_WARN_COMMA = YES;
				CLANG_WARN_CONSTANT_CONVERSION = YES;
				CLANG_WARN_DEPRECATED_OBJC_IMPLEMENTATIONS = YES;
				CLANG_WARN_DIRECT_OBJC_ISA_USAGE = YES_ERROR;
				CLANG_WARN_DOCUMENTATION_COMMENTS = YES;
				CLANG_WARN_EMPTY_BODY = YES;
				CLANG_WARN_ENUM_CONVERSION = YES;
				CLANG_WARN_INFINITE_RECURSION = YES;
				CLANG_WARN_INT_CONVERSION = YES;
				CLANG_WARN_NON_LITERAL_NULL_CONVERSION = YES;
				CLANG_WARN_OBJC_IMPLICIT_RETAIN_SELF = YES;
				CLANG_WARN_OBJC_LITERAL_CONVERSION = YES;
				CLANG_WARN_OBJC_ROOT_CLASS = YES_ERROR;
				CLANG_WARN_QUOTED_INCLUDE_IN_FRAMEWORK_HEADER = YES;
				CLANG_WARN_RANGE_LOOP_ANALYSIS = YES;
				CLANG_WARN_STRICT_PROTOTYPES = YES;
				CLANG_WARN_SUSPICIOUS_MOVE = YES;
				CLANG_WARN_UNGUARDED_AVAILABILITY = YES_AGGRESSIVE;
				CLANG_WARN_UNREACHABLE_CODE = YES;
				CLANG_WARN__DUPLICATE_METHOD_MATCH = YES;
				COPY_PHASE_STRIP = NO;
				DEBUG_INFORMATION_FORMAT = dwarf;
				ENABLE_STRICT_OBJC_MSGSEND = YES;
				ENABLE_TESTABILITY = YES;
				ENABLE_USER_SCRIPT_SANDBOXING = YES;
				GCC_C_LANGUAGE_STANDARD = gnu17;
				GCC_DYNAMIC_NO_PIC = NO;
				GCC_NO_COMMON_BLOCKS = YES;
				GCC_OPTIMIZATION_LEVEL = 0;
				GCC_PREPROCESSOR_DEFINITIONS = (
					"DEBUG=1",
					"$(inherited)",
				);
				GCC_WARN_64_TO_32_BIT_CONVERSION = YES;
				GCC_WARN_ABOUT_RETURN_TYPE = YES_ERROR;
				GCC_WARN_UNDECLARED_SELECTOR = YES;
				GCC_WARN_UNINITIALIZED_AUTOS = YES_AGGRESSIVE;
				GCC_WARN_UNUSED_FUNCTION = YES;
				GCC_WARN_UNUSED_VARIABLE = YES;
				IPHONEOS_DEPLOYMENT_TARGET = 17.0;
				LOCALIZATION_PREFERS_STRING_CATALOGS = YES;
				MTL_ENABLE_DEBUG_INFO = INCLUDE_SOURCE;
				MTL_FAST_MATH = YES;
				ONLY_ACTIVE_ARCH = YES;
				SDKROOT = iphoneos;
				SWIFT_ACTIVE_COMPILATION_CONDITIONS = "DEBUG $(inherited)";
				SWIFT_OPTIMIZATION_LEVEL = "-Onone";
			};
			name = Debug;
		};
		5DE6F6792AFADF08004ABB4F /* Release */ = {
			isa = XCBuildConfiguration;
			buildSettings = {
				ALWAYS_SEARCH_USER_PATHS = NO;
				ASSETCATALOG_COMPILER_GENERATE_SWIFT_ASSET_SYMBOL_EXTENSIONS = YES;
				CLANG_ANALYZER_NONNULL = YES;
				CLANG_ANALYZER_NUMBER_OBJECT_CONVERSION = YES_AGGRESSIVE;
				CLANG_CXX_LANGUAGE_STANDARD = "gnu++20";
				CLANG_ENABLE_MODULES = YES;
				CLANG_ENABLE_OBJC_ARC = YES;
				CLANG_ENABLE_OBJC_WEAK = YES;
				CLANG_WARN_BLOCK_CAPTURE_AUTORELEASING = YES;
				CLANG_WARN_BOOL_CONVERSION = YES;
				CLANG_WARN_COMMA = YES;
				CLANG_WARN_CONSTANT_CONVERSION = YES;
				CLANG_WARN_DEPRECATED_OBJC_IMPLEMENTATIONS = YES;
				CLANG_WARN_DIRECT_OBJC_ISA_USAGE = YES_ERROR;
				CLANG_WARN_DOCUMENTATION_COMMENTS = YES;
				CLANG_WARN_EMPTY_BODY = YES;
				CLANG_WARN_ENUM_CONVERSION = YES;
				CLANG_WARN_INFINITE_RECURSION = YES;
				CLANG_WARN_INT_CONVERSION = YES;
				CLANG_WARN_NON_LITERAL_NULL_CONVERSION = YES;
				CLANG_WARN_OBJC_IMPLICIT_RETAIN_SELF = YES;
				CLANG_WARN_OBJC_LITERAL_CONVERSION = YES;
				CLANG_WARN_OBJC_ROOT_CLASS = YES_ERROR;
				CLANG_WARN_QUOTED_INCLUDE_IN_FRAMEWORK_HEADER = YES;
				CLANG_WARN_RANGE_LOOP_ANALYSIS = YES;
				CLANG_WARN_STRICT_PROTOTYPES = YES;
				CLANG_WARN_SUSPICIOUS_MOVE = YES;
				CLANG_WARN_UNGUARDED_AVAILABILITY = YES_AGGRESSIVE;
				CLANG_WARN_UNREACHABLE_CODE = YES;
				CLANG_WARN__DUPLICATE_METHOD_MATCH = YES;
				COPY_PHASE_STRIP = NO;
				DEBUG_INFORMATION_FORMAT = "dwarf-with-dsym";
				ENABLE_NS_ASSERTIONS = NO;
				ENABLE_STRICT_OBJC_MSGSEND = YES;
				ENABLE_USER_SCRIPT_SANDBOXING = YES;
				GCC_C_LANGUAGE_STANDARD = gnu17;
				GCC_NO_COMMON_BLOCKS = YES;
				GCC_WARN_64_TO_32_BIT_CONVERSION = YES;
				GCC_WARN_ABOUT_RETURN_TYPE = YES_ERROR;
				GCC_WARN_UNDECLARED_SELECTOR = YES;
				GCC_WARN_UNINITIALIZED_AUTOS = YES_AGGRESSIVE;
				GCC_WARN_UNUSED_FUNCTION = YES;
				GCC_WARN_UNUSED_VARIABLE = YES;
				IPHONEOS_DEPLOYMENT_TARGET = 17.0;
				LOCALIZATION_PREFERS_STRING_CATALOGS = YES;
				MTL_ENABLE_DEBUG_INFO = NO;
				MTL_FAST_MATH = YES;
				SDKROOT = iphoneos;
				SWIFT_COMPILATION_MODE = wholemodule;
				VALIDATE_PRODUCT = YES;
			};
			name = Release;
		};
		5DE6F67B2AFADF08004ABB4F /* Debug */ = {
			isa = XCBuildConfiguration;
			buildSettings = {
				ASSETCATALOG_COMPILER_APPICON_NAME = AppIcon;
				ASSETCATALOG_COMPILER_GLOBAL_ACCENT_COLOR_NAME = AccentColor;
				CODE_SIGN_STYLE = Automatic;
				CURRENT_PROJECT_VERSION = 1;
				DEVELOPMENT_ASSET_PATHS = "\"SwiftUIStoryTemplate/Preview Content\"";
				DEVELOPMENT_TEAM = "";
				ENABLE_PREVIEWS = YES;
				GENERATE_INFOPLIST_FILE = YES;
				INFOPLIST_KEY_UIApplicationSceneManifest_Generation = YES;
				INFOPLIST_KEY_UIApplicationSupportsIndirectInputEvents = YES;
				INFOPLIST_KEY_UILaunchScreen_Generation = YES;
				INFOPLIST_KEY_UISupportedInterfaceOrientations_iPad = "UIInterfaceOrientationPortrait UIInterfaceOrientationPortraitUpsideDown UIInterfaceOrientationLandscapeLeft UIInterfaceOrientationLandscapeRight";
				INFOPLIST_KEY_UISupportedInterfaceOrientations_iPhone = "UIInterfaceOrientationPortrait UIInterfaceOrientationLandscapeLeft UIInterfaceOrientationLandscapeRight";
				LD_RUNPATH_SEARCH_PATHS = (
					"$(inherited)",
					"@executable_path/Frameworks",
				);
				MARKETING_VERSION = 1.0;
				PRODUCT_BUNDLE_IDENTIFIER = com.academy.SwiftUIStoryTemplate;
				PRODUCT_NAME = "$(TARGET_NAME)";
				SWIFT_EMIT_LOC_STRINGS = YES;
				SWIFT_VERSION = 5.0;
				TARGETED_DEVICE_FAMILY = "1,2";
			};
			name = Debug;
		};
		5DE6F67C2AFADF08004ABB4F /* Release */ = {
			isa = XCBuildConfiguration;
			buildSettings = {
				ASSETCATALOG_COMPILER_APPICON_NAME = AppIcon;
				ASSETCATALOG_COMPILER_GLOBAL_ACCENT_COLOR_NAME = AccentColor;
				CODE_SIGN_STYLE = Automatic;
				CURRENT_PROJECT_VERSION = 1;
				DEVELOPMENT_ASSET_PATHS = "\"SwiftUIStoryTemplate/Preview Content\"";
				DEVELOPMENT_TEAM = "";
				ENABLE_PREVIEWS = YES;
				GENERATE_INFOPLIST_FILE = YES;
				INFOPLIST_KEY_UIApplicationSceneManifest_Generation = YES;
				INFOPLIST_KEY_UIApplicationSupportsIndirectInputEvents = YES;
				INFOPLIST_KEY_UILaunchScreen_Generation = YES;
				INFOPLIST_KEY_UISupportedInterfaceOrientations_iPad = "UIInterfaceOrientationPortrait UIInterfaceOrientationPortraitUpsideDown UIInterfaceOrientationLandscapeLeft UIInterfaceOrientationLandscapeRight";
				INFOPLIST_KEY_UISupportedInterfaceOrientations_iPhone = "UIInterfaceOrientationPortrait UIInterfaceOrientationLandscapeLeft UIInterfaceOrientationLandscapeRight";
				LD_RUNPATH_SEARCH_PATHS = (
					"$(inherited)",
					"@executable_path/Frameworks",
				);
				MARKETING_VERSION = 1.0;
				PRODUCT_BUNDLE_IDENTIFIER = com.academy.SwiftUIStoryTemplate;
				PRODUCT_NAME = "$(TARGET_NAME)";
				SWIFT_EMIT_LOC_STRINGS = YES;
				SWIFT_VERSION = 5.0;
				TARGETED_DEVICE_FAMILY = "1,2";
			};
			name = Release;
		};
/* End XCBuildConfiguration section */

/* Begin XCConfigurationList section */
		5DE6F6672AFADF05004ABB4F /* Build configuration list for PBXProject "SwiftUIStoryTemplate" */ = {
			isa = XCConfigurationList;
			buildConfigurations = (
				5DE6F6782AFADF08004ABB4F /* Debug */,
				5DE6F6792AFADF08004ABB4F /* Release */,
			);
			defaultConfigurationIsVisible = 0;
			defaultConfigurationName = Release;
		};
		5DE6F67A2AFADF08004ABB4F /* Build configuration list for PBXNativeTarget "SwiftUIStoryTemplate" */ = {
			isa = XCConfigurationList;
			buildConfigurations = (
				5DE6F67B2AFADF08004ABB4F /* Debug */,
				5DE6F67C2AFADF08004ABB4F /* Release */,
			);
			defaultConfigurationIsVisible = 0;
			defaultConfigurationName = Release;
		};
/* End XCConfigurationList section */
	};
	rootObject = 5DE6F6642AFADF05004ABB4F /* Project object */;
}
